
Microsoft Visual Studio Solution File, Format Version 12.00
# Visual Studio Version 16
VisualStudioVersion = 16.0.30717.126
MinimumVisualStudioVersion = 10.0.40219.1
Project("{FAE04EC0-301F-11D3-BF4B-00C04F79EFBC}") = "investment-analysis", "investment-analysis.csproj", "{45C37098-ED05-4349-9C84-D3B0F9791F2B}"
EndProject
Global
	GlobalSection(SolutionConfigurationPlatforms) = preSolution
		Debug|Any CPU = Debug|Any CPU
		Release|Any CPU = Release|Any CPU
	EndGlobalSection
	GlobalSection(ProjectConfigurationPlatforms) = postSolution
		{45C37098-ED05-4349-9C84-D3B0F9791F2B}.Debug|Any CPU.ActiveCfg = Debug|Any CPU
		{45C37098-ED05-4349-9C84-D3B0F9791F2B}.Debug|Any CPU.Build.0 = Debug|Any CPU
		{45C37098-ED05-4349-9C84-D3B0F9791F2B}.Release|Any CPU.ActiveCfg = Release|Any CPU
		{45C37098-ED05-4349-9C84-D3B0F9791F2B}.Release|Any CPU.Build.0 = Release|Any CPU
	EndGlobalSection
	GlobalSection(SolutionProperties) = preSolution
		HideSolutionNode = FALSE
	EndGlobalSection
	GlobalSection(ExtensibilityGlobals) = postSolution
		SolutionGuid = {119D9582-B295-49A6-AED2-C9251102FD76}
	EndGlobalSection
EndGlobal
